# THIS IS AN AUTOGENERATED FILE. DO NOT EDIT THIS FILE DIRECTLY.
# yarn lockfile v1


argparse@~0.1.15:
  version "0.1.16"
  resolved "http://registry.npm.taobao.org/argparse/download/argparse-0.1.16.tgz#cfd01e0fbba3d6caed049fbd758d40f65196f57c"
  integrity sha1-z9AeD7uj1srtBJ+9dY1A9lGW9Xw=
  dependencies:
    underscore "~1.7.0"
    underscore.string "~2.4.0"

autolinker@~0.15.0:
  version "0.15.3"
  resolved "http://registry.npm.taobao.org/autolinker/download/autolinker-0.15.3.tgz#342417d8f2f3461b14cf09088d5edf8791dc9832"
  integrity sha1-NCQX2PLzRhsUzwkIjV7fh5HcmDI=

remarkable@^1.6.2:
  version "1.7.1"
  resolved "http://registry.npm.taobao.org/remarkable/download/remarkable-1.7.1.tgz#aaca4972100b66a642a63a1021ca4bac1be3bff6"
  integrity sha1-qspJchALZqZCpjoQIcpLrBvjv/Y=
  dependencies:
    argparse "~0.1.15"
    autolinker "~0.15.0"

underscore.string@~2.4.0:
  version "2.4.0"
  resolved "http://registry.npm.taobao.org/underscore.string/download/underscore.string-2.4.0.tgz#8cdd8fbac4e2d2ea1e7e2e8097c42f442280f85b"
  integrity sha1-jN2PusTi0uoefi6Al8QvRCKA+Fs=

underscore@~1.7.0:
  version "1.7.0"
  resolved "http://registry.npm.taobao.org/underscore/download/underscore-1.7.0.tgz#6bbaf0877500d36be34ecaa584e0db9fef035209"
  integrity sha1-a7rwh3UA02vjTsqlhODbn+8DUgk=
